
Microsoft Visual Studio Solution File, Format Version 12.00
# Visual Studio Version 17
VisualStudioVersion = 17.2.32616.157
MinimumVisualStudioVersion = 10.0.40219.1
Project("{FAE04EC0-301F-11D3-BF4B-00C04F79EFBC}") = "ShoppingListLab", "ShoppingListLab.csproj", "{64774443-58F1-4E52-9D82-046B0788BEAF}"
EndProject
Global
	GlobalSection(SolutionConfigurationPlatforms) = preSolution
		Debug|Any CPU = Debug|Any CPU
		Release|Any CPU = Release|Any CPU
	EndGlobalSection
	GlobalSection(ProjectConfigurationPlatforms) = postSolution
		{64774443-58F1-4E52-9D82-046B0788BEAF}.Debug|Any CPU.ActiveCfg = Debug|Any CPU
		{64774443-58F1-4E52-9D82-046B0788BEAF}.Debug|Any CPU.Build.0 = Debug|Any CPU
		{64774443-58F1-4E52-9D82-046B0788BEAF}.Release|Any CPU.ActiveCfg = Release|Any CPU
		{64774443-58F1-4E52-9D82-046B0788BEAF}.Release|Any CPU.Build.0 = Release|Any CPU
	EndGlobalSection
	GlobalSection(SolutionProperties) = preSolution
		HideSolutionNode = FALSE
	EndGlobalSection
	GlobalSection(ExtensibilityGlobals) = postSolution
		SolutionGuid = {420C89A3-6FE6-4130-8B18-4884F49B463D}
	EndGlobalSection
EndGlobal
